<Solution>
  <Project Path="InventoryManagement.API/InventoryManagement.API.csproj" />
  <Project Path="InventoryManagement.Application/InventoryManagement.Application.csproj" />
  <Project Path="InventoryManagement.Core/InventoryManagement.Core.csproj" />
  <Project Path="InventoryManagement.Infrastructure/InventoryManagement.Infrastructure.csproj" />
</Solution>
